{
  "name": "whereby",
  "version": "1.0.0",
  "lockfileVersion": 1,
  "requires": true,
  "dependencies": {
    "cities-with-1000": {
      "version": "1.0.4",
      "resolved": "https://registry.npmjs.org/cities-with-1000/-/cities-with-1000-1.0.4.tgz",
      "integrity": "sha512-uRjcTyy8vvlSMpuqPEQKPfCEEwZm7sp7LzfS74VeJdpb3+GOBuugR3a2KTRXx4zB4EtJsMMZg1c/uLqfQhBTwg=="
    }
  }
}
